// !$*UTF8*$!
{
	archiveVersion = 1;
	classes = {
	};
	objectVersion = 46;
	objects = {

/* Begin PBXBuildFile section */
		2CEE048D1D81B1D00006316F /* IntegrityTests.swift in Sources */ = {isa = PBXBuildFile; fileRef = 2CEE048C1D81B1D00006316F /* IntegrityTests.swift */; };
		2CEE04911D81B4590006316F /* NumberConverterTests.swift in Sources */ = {isa = PBXBuildFile; fileRef = 2CEE04901D81B4590006316F /* NumberConverterTests.swift */; };
		2CEE04971D81DB740006316F /* UtilsTests.swift in Sources */ = {isa = PBXBuildFile; fileRef = 2CEE04961D81DB740006316F /* UtilsTests.swift */; };
		2CEE04B81D82C63E0006316F /* input.plist in Resources */ = {isa = PBXBuildFile; fileRef = 2CEE04B61D82C63E0006316F /* input.plist */; };
		2CEE04BA1D82C6710006316F /* Localizable.strings in Resources */ = {isa = PBXBuildFile; fileRef = 2CEE04B91D82C6710006316F /* Localizable.strings */; };
		2CEE04BC1D82C6E30006316F /* Assets.xcassets in Resources */ = {isa = PBXBuildFile; fileRef = 2CEE04BB1D82C6E30006316F /* Assets.xcassets */; };
		2CEE04F21D82C81E0006316F /* AppDelegate.swift in Sources */ = {isa = PBXBuildFile; fileRef = 2CEE04E11D82C81E0006316F /* AppDelegate.swift */; };
		2CEE04F31D82C81E0006316F /* NumbersTableViewAdapter.swift in Sources */ = {isa = PBXBuildFile; fileRef = 2CEE04E41D82C81E0006316F /* NumbersTableViewAdapter.swift */; };
		2CEE04F41D82C81E0006316F /* NumbersTableViewCell.swift in Sources */ = {isa = PBXBuildFile; fileRef = 2CEE04E71D82C81E0006316F /* NumbersTableViewCell.swift */; };
		2CEE04F51D82C81E0006316F /* NumbersTableViewCell.xib in Resources */ = {isa = PBXBuildFile; fileRef = 2CEE04E81D82C81E0006316F /* NumbersTableViewCell.xib */; };
		2CEE04F61D82C81E0006316F /* LaunchScreen.storyboard in Resources */ = {isa = PBXBuildFile; fileRef = 2CEE04E91D82C81E0006316F /* LaunchScreen.storyboard */; };
		2CEE04F71D82C81E0006316F /* Main.storyboard in Resources */ = {isa = PBXBuildFile; fileRef = 2CEE04EA1D82C81E0006316F /* Main.storyboard */; };
		2CEE04F81D82C81E0006316F /* NumbersViewController.swift in Sources */ = {isa = PBXBuildFile; fileRef = 2CEE04EC1D82C81E0006316F /* NumbersViewController.swift */; };
		2CEE04F91D82C81E0006316F /* Int+MathHelp.swift in Sources */ = {isa = PBXBuildFile; fileRef = 2CEE04EF1D82C81E0006316F /* Int+MathHelp.swift */; };
		2CEE04FA1D82C81E0006316F /* String+Localization.swift in Sources */ = {isa = PBXBuildFile; fileRef = 2CEE04F01D82C81E0006316F /* String+Localization.swift */; };
		2CEE04FB1D82C81E0006316F /* NumberConverter.swift in Sources */ = {isa = PBXBuildFile; fileRef = 2CEE04F11D82C81E0006316F /* NumberConverter.swift */; };
/* End PBXBuildFile section */

/* Begin PBXContainerItemProxy section */
		2CEE047B1D81AE0C0006316F /* PBXContainerItemProxy */ = {
			isa = PBXContainerItemProxy;
			containerPortal = 2CEE045E1D81AE0C0006316F /* Project object */;
			proxyType = 1;
			remoteGlobalIDString = 2CEE04651D81AE0C0006316F;
			remoteInfo = SurfTestProject;
		};
/* End PBXContainerItemProxy section */

/* Begin PBXFileReference section */
		2CEE04661D81AE0C0006316F /* SurfTestProject.app */ = {isa = PBXFileReference; explicitFileType = wrapper.application; includeInIndex = 0; path = SurfTestProject.app; sourceTree = BUILT_PRODUCTS_DIR; };
		2CEE04751D81AE0C0006316F /* Info.plist */ = {isa = PBXFileReference; lastKnownFileType = text.plist.xml; path = Info.plist; sourceTree = "<group>"; };
		2CEE047A1D81AE0C0006316F /* SurfTestProjectTests.xctest */ = {isa = PBXFileReference; explicitFileType = wrapper.cfbundle; includeInIndex = 0; path = SurfTestProjectTests.xctest; sourceTree = BUILT_PRODUCTS_DIR; };
		2CEE04801D81AE0C0006316F /* Info.plist */ = {isa = PBXFileReference; lastKnownFileType = text.plist.xml; path = Info.plist; sourceTree = "<group>"; };
		2CEE048C1D81B1D00006316F /* IntegrityTests.swift */ = {isa = PBXFileReference; fileEncoding = 4; lastKnownFileType = sourcecode.swift; path = IntegrityTests.swift; sourceTree = "<group>"; };
		2CEE04901D81B4590006316F /* NumberConverterTests.swift */ = {isa = PBXFileReference; fileEncoding = 4; lastKnownFileType = sourcecode.swift; path = NumberConverterTests.swift; sourceTree = "<group>"; };
		2CEE04961D81DB740006316F /* UtilsTests.swift */ = {isa = PBXFileReference; fileEncoding = 4; lastKnownFileType = sourcecode.swift; path = UtilsTests.swift; sourceTree = "<group>"; };
		2CEE04B61D82C63E0006316F /* input.plist */ = {isa = PBXFileReference; fileEncoding = 4; lastKnownFileType = text.plist.xml; path = input.plist; sourceTree = "<group>"; };
		2CEE04B91D82C6710006316F /* Localizable.strings */ = {isa = PBXFileReference; fileEncoding = 4; lastKnownFileType = text.plist.strings; path = Localizable.strings; sourceTree = "<group>"; };
		2CEE04BB1D82C6E30006316F /* Assets.xcassets */ = {isa = PBXFileReference; lastKnownFileType = folder.assetcatalog; path = Assets.xcassets; sourceTree = "<group>"; };
		2CEE04E11D82C81E0006316F /* AppDelegate.swift */ = {isa = PBXFileReference; fileEncoding = 4; lastKnownFileType = sourcecode.swift; path = AppDelegate.swift; sourceTree = "<group>"; };
		2CEE04E41D82C81E0006316F /* NumbersTableViewAdapter.swift */ = {isa = PBXFileReference; fileEncoding = 4; lastKnownFileType = sourcecode.swift; path = NumbersTableViewAdapter.swift; sourceTree = "<group>"; };
		2CEE04E71D82C81E0006316F /* NumbersTableViewCell.swift */ = {isa = PBXFileReference; fileEncoding = 4; lastKnownFileType = sourcecode.swift; path = NumbersTableViewCell.swift; sourceTree = "<group>"; };
		2CEE04E81D82C81E0006316F /* NumbersTableViewCell.xib */ = {isa = PBXFileReference; fileEncoding = 4; lastKnownFileType = file.xib; path = NumbersTableViewCell.xib; sourceTree = "<group>"; };
		2CEE04E91D82C81E0006316F /* LaunchScreen.storyboard */ = {isa = PBXFileReference; fileEncoding = 4; lastKnownFileType = file.storyboard; path = LaunchScreen.storyboard; sourceTree = "<group>"; };
		2CEE04EA1D82C81E0006316F /* Main.storyboard */ = {isa = PBXFileReference; fileEncoding = 4; lastKnownFileType = file.storyboard; path = Main.storyboard; sourceTree = "<group>"; };
		2CEE04EC1D82C81E0006316F /* NumbersViewController.swift */ = {isa = PBXFileReference; fileEncoding = 4; lastKnownFileType = sourcecode.swift; path = NumbersViewController.swift; sourceTree = "<group>"; };
		2CEE04EF1D82C81E0006316F /* Int+MathHelp.swift */ = {isa = PBXFileReference; fileEncoding = 4; lastKnownFileType = sourcecode.swift; path = "Int+MathHelp.swift"; sourceTree = "<group>"; };
		2CEE04F01D82C81E0006316F /* String+Localization.swift */ = {isa = PBXFileReference; fileEncoding = 4; lastKnownFileType = sourcecode.swift; path = "String+Localization.swift"; sourceTree = "<group>"; };
		2CEE04F11D82C81E0006316F /* NumberConverter.swift */ = {isa = PBXFileReference; fileEncoding = 4; lastKnownFileType = sourcecode.swift; path = NumberConverter.swift; sourceTree = "<group>"; };
/* End PBXFileReference section */

/* Begin PBXFrameworksBuildPhase section */
		2CEE04631D81AE0C0006316F /* Frameworks */ = {
			isa = PBXFrameworksBuildPhase;
			buildActionMask = 2147483647;
			files = (
			);
			runOnlyForDeploymentPostprocessing = 0;
		};
		2CEE04771D81AE0C0006316F /* Frameworks */ = {
			isa = PBXFrameworksBuildPhase;
			buildActionMask = 2147483647;
			files = (
			);
			runOnlyForDeploymentPostprocessing = 0;
		};
/* End PBXFrameworksBuildPhase section */

/* Begin PBXGroup section */
		2CEE045D1D81AE0C0006316F = {
			isa = PBXGroup;
			children = (
				2CEE04681D81AE0C0006316F /* SurfTestProject */,
				2CEE047D1D81AE0C0006316F /* SurfTestProjectTests */,
				2CEE04671D81AE0C0006316F /* Products */,
			);
			sourceTree = "<group>";
		};
		2CEE04671D81AE0C0006316F /* Products */ = {
			isa = PBXGroup;
			children = (
				2CEE04661D81AE0C0006316F /* SurfTestProject.app */,
				2CEE047A1D81AE0C0006316F /* SurfTestProjectTests.xctest */,
			);
			name = Products;
			sourceTree = "<group>";
		};
		2CEE04681D81AE0C0006316F /* SurfTestProject */ = {
			isa = PBXGroup;
			children = (
				2CEE04E01D82C81E0006316F /* Code */,
				2CEE04751D81AE0C0006316F /* Info.plist */,
				2CEE04B31D82C63E0006316F /* Resources */,
			);
			path = SurfTestProject;
			sourceTree = "<group>";
		};
		2CEE047D1D81AE0C0006316F /* SurfTestProjectTests */ = {
			isa = PBXGroup;
			children = (
				2CEE04901D81B4590006316F /* NumberConverterTests.swift */,
				2CEE048C1D81B1D00006316F /* IntegrityTests.swift */,
				2CEE04961D81DB740006316F /* UtilsTests.swift */,
				2CEE04801D81AE0C0006316F /* Info.plist */,
			);
			path = SurfTestProjectTests;
			sourceTree = "<group>";
		};
		2CEE04B31D82C63E0006316F /* Resources */ = {
			isa = PBXGroup;
			children = (
				2CEE04BB1D82C6E30006316F /* Assets.xcassets */,
				2CEE04B91D82C6710006316F /* Localizable.strings */,
				2CEE04B61D82C63E0006316F /* input.plist */,
			);
			path = Resources;
			sourceTree = "<group>";
		};
		2CEE04E01D82C81E0006316F /* Code */ = {
			isa = PBXGroup;
			children = (
				2CEE04E11D82C81E0006316F /* AppDelegate.swift */,
				2CEE04E21D82C81E0006316F /* Main */,
				2CEE04ED1D82C81E0006316F /* Utils */,
			);
			path = Code;
			sourceTree = "<group>";
		};
		2CEE04E21D82C81E0006316F /* Main */ = {
			isa = PBXGroup;
			children = (
				2CEE04E31D82C81E0006316F /* Helper */,
				2CEE04E51D82C81E0006316F /* View */,
				2CEE04EB1D82C81E0006316F /* ViewController */,
			);
			path = Main;
			sourceTree = "<group>";
		};
		2CEE04E31D82C81E0006316F /* Helper */ = {
			isa = PBXGroup;
			children = (
				2CEE04E41D82C81E0006316F /* NumbersTableViewAdapter.swift */,
			);
			path = Helper;
			sourceTree = "<group>";
		};
		2CEE04E51D82C81E0006316F /* View */ = {
			isa = PBXGroup;
			children = (
				2CEE04E61D82C81E0006316F /* Cell */,
				2CEE04E91D82C81E0006316F /* LaunchScreen.storyboard */,
				2CEE04EA1D82C81E0006316F /* Main.storyboard */,
			);
			path = View;
			sourceTree = "<group>";
		};
		2CEE04E61D82C81E0006316F /* Cell */ = {
			isa = PBXGroup;
			children = (
				2CEE04E71D82C81E0006316F /* NumbersTableViewCell.swift */,
				2CEE04E81D82C81E0006316F /* NumbersTableViewCell.xib */,
			);
			path = Cell;
			sourceTree = "<group>";
		};
		2CEE04EB1D82C81E0006316F /* ViewController */ = {
			isa = PBXGroup;
			children = (
				2CEE04EC1D82C81E0006316F /* NumbersViewController.swift */,
			);
			path = ViewController;
			sourceTree = "<group>";
		};
		2CEE04ED1D82C81E0006316F /* Utils */ = {
			isa = PBXGroup;
			children = (
				2CEE04EE1D82C81E0006316F /* Extensions */,
				2CEE04F11D82C81E0006316F /* NumberConverter.swift */,
			);
			path = Utils;
			sourceTree = "<group>";
		};
		2CEE04EE1D82C81E0006316F /* Extensions */ = {
			isa = PBXGroup;
			children = (
				2CEE04EF1D82C81E0006316F /* Int+MathHelp.swift */,
				2CEE04F01D82C81E0006316F /* String+Localization.swift */,
			);
			path = Extensions;
			sourceTree = "<group>";
		};
/* End PBXGroup section */

/* Begin PBXNativeTarget section */
		2CEE04651D81AE0C0006316F /* SurfTestProject */ = {
			isa = PBXNativeTarget;
			buildConfigurationList = 2CEE04831D81AE0C0006316F /* Build configuration list for PBXNativeTarget "SurfTestProject" */;
			buildPhases = (
				2CEE04621D81AE0C0006316F /* Sources */,
				2CEE04631D81AE0C0006316F /* Frameworks */,
				2CEE04641D81AE0C0006316F /* Resources */,
			);
			buildRules = (
			);
			dependencies = (
			);
			name = SurfTestProject;
			productName = SurfTestProject;
			productReference = 2CEE04661D81AE0C0006316F /* SurfTestProject.app */;
			productType = "com.apple.product-type.application";
		};
		2CEE04791D81AE0C0006316F /* SurfTestProjectTests */ = {
			isa = PBXNativeTarget;
			buildConfigurationList = 2CEE04861D81AE0C0006316F /* Build configuration list for PBXNativeTarget "SurfTestProjectTests" */;
			buildPhases = (
				2CEE04761D81AE0C0006316F /* Sources */,
				2CEE04771D81AE0C0006316F /* Frameworks */,
				2CEE04781D81AE0C0006316F /* Resources */,
			);
			buildRules = (
			);
			dependencies = (
				2CEE047C1D81AE0C0006316F /* PBXTargetDependency */,
			);
			name = SurfTestProjectTests;
			productName = SurfTestProjectTests;
			productReference = 2CEE047A1D81AE0C0006316F /* SurfTestProjectTests.xctest */;
			productType = "com.apple.product-type.bundle.unit-test";
		};
/* End PBXNativeTarget section */

/* Begin PBXProject section */
		2CEE045E1D81AE0C0006316F /* Project object */ = {
			isa = PBXProject;
			attributes = {
				LastSwiftUpdateCheck = 0730;
				LastUpgradeCheck = 0730;
				ORGANIZATIONNAME = "Ivan Smetanin";
				TargetAttributes = {
					2CEE04651D81AE0C0006316F = {
						CreatedOnToolsVersion = 7.3.1;
					};
					2CEE04791D81AE0C0006316F = {
						CreatedOnToolsVersion = 7.3.1;
						TestTargetID = 2CEE04651D81AE0C0006316F;
					};
				};
			};
			buildConfigurationList = 2CEE04611D81AE0C0006316F /* Build configuration list for PBXProject "SurfTestProject" */;
			compatibilityVersion = "Xcode 3.2";
			developmentRegion = English;
			hasScannedForEncodings = 0;
			knownRegions = (
				en,
				Base,
				ru,
			);
			mainGroup = 2CEE045D1D81AE0C0006316F;
			productRefGroup = 2CEE04671D81AE0C0006316F /* Products */;
			projectDirPath = "";
			projectRoot = "";
			targets = (
				2CEE04651D81AE0C0006316F /* SurfTestProject */,
				2CEE04791D81AE0C0006316F /* SurfTestProjectTests */,
			);
		};
/* End PBXProject section */

/* Begin PBXResourcesBuildPhase section */
		2CEE04641D81AE0C0006316F /* Resources */ = {
			isa = PBXResourcesBuildPhase;
			buildActionMask = 2147483647;
			files = (
				2CEE04F51D82C81E0006316F /* NumbersTableViewCell.xib in Resources */,
				2CEE04B81D82C63E0006316F /* input.plist in Resources */,
				2CEE04BA1D82C6710006316F /* Localizable.strings in Resources */,
				2CEE04F71D82C81E0006316F /* Main.storyboard in Resources */,
				2CEE04F61D82C81E0006316F /* LaunchScreen.storyboard in Resources */,
				2CEE04BC1D82C6E30006316F /* Assets.xcassets in Resources */,
			);
			runOnlyForDeploymentPostprocessing = 0;
		};
		2CEE04781D81AE0C0006316F /* Resources */ = {
			isa = PBXResourcesBuildPhase;
			buildActionMask = 2147483647;
			files = (
			);
			runOnlyForDeploymentPostprocessing = 0;
		};
/* End PBXResourcesBuildPhase section */

/* Begin PBXSourcesBuildPhase section */
		2CEE04621D81AE0C0006316F /* Sources */ = {
			isa = PBXSourcesBuildPhase;
			buildActionMask = 2147483647;
			files = (
				2CEE04F31D82C81E0006316F /* NumbersTableViewAdapter.swift in Sources */,
				2CEE04F91D82C81E0006316F /* Int+MathHelp.swift in Sources */,
				2CEE04F81D82C81E0006316F /* NumbersViewController.swift in Sources */,
				2CEE04FA1D82C81E0006316F /* String+Localization.swift in Sources */,
				2CEE04F41D82C81E0006316F /* NumbersTableViewCell.swift in Sources */,
				2CEE04F21D82C81E0006316F /* AppDelegate.swift in Sources */,
				2CEE04FB1D82C81E0006316F /* NumberConverter.swift in Sources */,
			);
			runOnlyForDeploymentPostprocessing = 0;
		};
		2CEE04761D81AE0C0006316F /* Sources */ = {
			isa = PBXSourcesBuildPhase;
			buildActionMask = 2147483647;
			files = (
				2CEE04911D81B4590006316F /* NumberConverterTests.swift in Sources */,
				2CEE048D1D81B1D00006316F /* IntegrityTests.swift in Sources */,
				2CEE04971D81DB740006316F /* UtilsTests.swift in Sources */,
			);
			runOnlyForDeploymentPostprocessing = 0;
		};
/* End PBXSourcesBuildPhase section */

/* Begin PBXTargetDependency section */
		2CEE047C1D81AE0C0006316F /* PBXTargetDependency */ = {
			isa = PBXTargetDependency;
			target = 2CEE04651D81AE0C0006316F /* SurfTestProject */;
			targetProxy = 2CEE047B1D81AE0C0006316F /* PBXContainerItemProxy */;
		};
/* End PBXTargetDependency section */

/* Begin XCBuildConfiguration section */
		2CEE04811D81AE0C0006316F /* Debug */ = {
			isa = XCBuildConfiguration;
			buildSettings = {
				ALWAYS_SEARCH_USER_PATHS = NO;
				CLANG_ANALYZER_NONNULL = YES;
				CLANG_CXX_LANGUAGE_STANDARD = "gnu++0x";
				CLANG_CXX_LIBRARY = "libc++";
				CLANG_ENABLE_MODULES = YES;
				CLANG_ENABLE_OBJC_ARC = YES;
				CLANG_WARN_BOOL_CONVERSION = YES;
				CLANG_WARN_CONSTANT_CONVERSION = YES;
				CLANG_WARN_DIRECT_OBJC_ISA_USAGE = YES_ERROR;
				CLANG_WARN_EMPTY_BODY = YES;
				CLANG_WARN_ENUM_CONVERSION = YES;
				CLANG_WARN_INT_CONVERSION = YES;
				CLANG_WARN_OBJC_ROOT_CLASS = YES_ERROR;
				CLANG_WARN_UNREACHABLE_CODE = YES;
				CLANG_WARN__DUPLICATE_METHOD_MATCH = YES;
				"CODE_SIGN_IDENTITY[sdk=iphoneos*]" = "iPhone Developer";
				COPY_PHASE_STRIP = NO;
				DEBUG_INFORMATION_FORMAT = dwarf;
				ENABLE_STRICT_OBJC_MSGSEND = YES;
				ENABLE_TESTABILITY = YES;
				GCC_C_LANGUAGE_STANDARD = gnu99;
				GCC_DYNAMIC_NO_PIC = NO;
				GCC_NO_COMMON_BLOCKS = YES;
				GCC_OPTIMIZATION_LEVEL = 0;
				GCC_PREPROCESSOR_DEFINITIONS = (
					"DEBUG=1",
					"$(inherited)",
				);
				GCC_WARN_64_TO_32_BIT_CONVERSION = YES;
				GCC_WARN_ABOUT_RETURN_TYPE = YES_ERROR;
				GCC_WARN_UNDECLARED_SELECTOR = YES;
				GCC_WARN_UNINITIALIZED_AUTOS = YES_AGGRESSIVE;
				GCC_WARN_UNUSED_FUNCTION = YES;
				GCC_WARN_UNUSED_VARIABLE = YES;
				IPHONEOS_DEPLOYMENT_TARGET = 9.3;
				MTL_ENABLE_DEBUG_INFO = YES;
				ONLY_ACTIVE_ARCH = YES;
				SDKROOT = iphoneos;
				SWIFT_OPTIMIZATION_LEVEL = "-Onone";
				TARGETED_DEVICE_FAMILY = "1,2";
			};
			name = Debug;
		};
		2CEE04821D81AE0C0006316F /* Release */ = {
			isa = XCBuildConfiguration;
			buildSettings = {
				ALWAYS_SEARCH_USER_PATHS = NO;
				CLANG_ANALYZER_NONNULL = YES;
				CLANG_CXX_LANGUAGE_STANDARD = "gnu++0x";
				CLANG_CXX_LIBRARY = "libc++";
				CLANG_ENABLE_MODULES = YES;
				CLANG_ENABLE_OBJC_ARC = YES;
				CLANG_WARN_BOOL_CONVERSION = YES;
				CLANG_WARN_CONSTANT_CONVERSION = YES;
				CLANG_WARN_DIRECT_OBJC_ISA_USAGE = YES_ERROR;
				CLANG_WARN_EMPTY_BODY = YES;
				CLANG_WARN_ENUM_CONVERSION = YES;
				CLANG_WARN_INT_CONVERSION = YES;
				CLANG_WARN_OBJC_ROOT_CLASS = YES_ERROR;
				CLANG_WARN_UNREACHABLE_CODE = YES;
				CLANG_WARN__DUPLICATE_METHOD_MATCH = YES;
				"CODE_SIGN_IDENTITY[sdk=iphoneos*]" = "iPhone Developer";
				COPY_PHASE_STRIP = NO;
				DEBUG_INFORMATION_FORMAT = "dwarf-with-dsym";
				ENABLE_NS_ASSERTIONS = NO;
				ENABLE_STRICT_OBJC_MSGSEND = YES;
				GCC_C_LANGUAGE_STANDARD = gnu99;
				GCC_NO_COMMON_BLOCKS = YES;
				GCC_WARN_64_TO_32_BIT_CONVERSION = YES;
				GCC_WARN_ABOUT_RETURN_TYPE = YES_ERROR;
				GCC_WARN_UNDECLARED_SELECTOR = YES;
				GCC_WARN_UNINITIALIZED_AUTOS = YES_AGGRESSIVE;
				GCC_WARN_UNUSED_FUNCTION = YES;
				GCC_WARN_UNUSED_VARIABLE = YES;
				IPHONEOS_DEPLOYMENT_TARGET = 9.3;
				MTL_ENABLE_DEBUG_INFO = NO;
				SDKROOT = iphoneos;
				TARGETED_DEVICE_FAMILY = "1,2";
				VALIDATE_PRODUCT = YES;
			};
			name = Release;
		};
		2CEE04841D81AE0C0006316F /* Debug */ = {
			isa = XCBuildConfiguration;
			buildSettings = {
				ASSETCATALOG_COMPILER_APPICON_NAME = AppIcon;
				INFOPLIST_FILE = SurfTestProject/Info.plist;
				LD_RUNPATH_SEARCH_PATHS = "$(inherited) @executable_path/Frameworks";
				PRODUCT_BUNDLE_IDENTIFIER = "Ivan-Smetanin.SurfTestProject";
				PRODUCT_NAME = "$(TARGET_NAME)";
			};
			name = Debug;
		};
		2CEE04851D81AE0C0006316F /* Release */ = {
			isa = XCBuildConfiguration;
			buildSettings = {
				ASSETCATALOG_COMPILER_APPICON_NAME = AppIcon;
				INFOPLIST_FILE = SurfTestProject/Info.plist;
				LD_RUNPATH_SEARCH_PATHS = "$(inherited) @executable_path/Frameworks";
				PRODUCT_BUNDLE_IDENTIFIER = "Ivan-Smetanin.SurfTestProject";
				PRODUCT_NAME = "$(TARGET_NAME)";
			};
			name = Release;
		};
		2CEE04871D81AE0C0006316F /* Debug */ = {
			isa = XCBuildConfiguration;
			buildSettings = {
				BUNDLE_LOADER = "$(TEST_HOST)";
				INFOPLIST_FILE = SurfTestProjectTests/Info.plist;
				LD_RUNPATH_SEARCH_PATHS = "$(inherited) @executable_path/Frameworks @loader_path/Frameworks";
				PRODUCT_BUNDLE_IDENTIFIER = "Ivan-Smetanin.SurfTestProjectTests";
				PRODUCT_NAME = "$(TARGET_NAME)";
				TEST_HOST = "$(BUILT_PRODUCTS_DIR)/SurfTestProject.app/SurfTestProject";
			};
			name = Debug;
		};
		2CEE04881D81AE0C0006316F /* Release */ = {
			isa = XCBuildConfiguration;
			buildSettings = {
				BUNDLE_LOADER = "$(TEST_HOST)";
				INFOPLIST_FILE = SurfTestProjectTests/Info.plist;
				LD_RUNPATH_SEARCH_PATHS = "$(inherited) @executable_path/Frameworks @loader_path/Frameworks";
				PRODUCT_BUNDLE_IDENTIFIER = "Ivan-Smetanin.SurfTestProjectTests";
				PRODUCT_NAME = "$(TARGET_NAME)";
				TEST_HOST = "$(BUILT_PRODUCTS_DIR)/SurfTestProject.app/SurfTestProject";
			};
			name = Release;
		};
/* End XCBuildConfiguration section */

/* Begin XCConfigurationList section */
		2CEE04611D81AE0C0006316F /* Build configuration list for PBXProject "SurfTestProject" */ = {
			isa = XCConfigurationList;
			buildConfigurations = (
				2CEE04811D81AE0C0006316F /* Debug */,
				2CEE04821D81AE0C0006316F /* Release */,
			);
			defaultConfigurationIsVisible = 0;
			defaultConfigurationName = Release;
		};
		2CEE04831D81AE0C0006316F /* Build configuration list for PBXNativeTarget "SurfTestProject" */ = {
			isa = XCConfigurationList;
			buildConfigurations = (
				2CEE04841D81AE0C0006316F /* Debug */,
				2CEE04851D81AE0C0006316F /* Release */,
			);
			defaultConfigurationIsVisible = 0;
		};
		2CEE04861D81AE0C0006316F /* Build configuration list for PBXNativeTarget "SurfTestProjectTests" */ = {
			isa = XCConfigurationList;
			buildConfigurations = (
				2CEE04871D81AE0C0006316F /* Debug */,
				2CEE04881D81AE0C0006316F /* Release */,
			);
			defaultConfigurationIsVisible = 0;
		};
/* End XCConfigurationList section */
	};
	rootObject = 2CEE045E1D81AE0C0006316F /* Project object */;
}
